lockfileVersion: '9.0'

settings:
  autoInstallPeers: true
  excludeLinksFromLockfile: false

importers:

  .: {}

  packages/eslint-config: {}

  packages/game: {}

  packages/i18n: {}

  packages/mod-sdk: {}

  packages/simulation: {}

  packages/storybook: {}

  packages/tailwind-config: {}

  packages/ui: {}
